
Microsoft Visual Studio Solution File, Format Version 12.00
# Visual Studio Version 16
VisualStudioVersion = 16.0.30717.126
MinimumVisualStudioVersion = 10.0.40219.1
Project("{9A19103F-16F7-4668-BE54-9A1E7A4F7556}") = "Lightning", "Lightning\Lightning.csproj", "{70F68B4D-C4B5-4D6C-84BB-2D4CAAC8049A}"
EndProject
Project("{9A19103F-16F7-4668-BE54-9A1E7A4F7556}") = "Lightning.Core", "Lightning.Core\Lightning.Core.csproj", "{E5BC41A2-15BD-4D92-AE37-55A77B6319F0}"
EndProject
Project("{9A19103F-16F7-4668-BE54-9A1E7A4F7556}") = "NuCore.Utilities", "Lightning.Utilities\NuCore.Utilities.csproj", "{B832C88A-E66B-4889-A5EB-7D02BD84106C}"
EndProject
Project("{9A19103F-16F7-4668-BE54-9A1E7A4F7556}") = "NuCore.NativeInterop", "Lightning.Core.NativeInterop\NuCore.NativeInterop.csproj", "{28138E24-F09B-455F-B963-D911F0B14E30}"
EndProject
Project("{9A19103F-16F7-4668-BE54-9A1E7A4F7556}") = "NuRender.SDL2-CS", "Lightning.Core.SDL2-CS\NuRender.SDL2-CS.csproj", "{7873C239-A524-48CF-9961-6931839B0BCC}"
EndProject
Project("{9A19103F-16F7-4668-BE54-9A1E7A4F7556}") = "Polaris.Core", "Polaris.Core\Polaris.Core.csproj", "{B11C5458-C0E4-4BC6-ADA6-842D2BCD73A9}"
EndProject
Project("{9A19103F-16F7-4668-BE54-9A1E7A4F7556}") = "Polaris", "Polaris\Polaris.csproj", "{61E59D8D-5DEF-44E0-80E9-1DCB6395A8C0}"
EndProject
Project("{9A19103F-16F7-4668-BE54-9A1E7A4F7556}") = "Polaris.UI", "Polaris.UI\Polaris.UI.csproj", "{1415B2C2-7238-497B-B7E6-E00B96056D87}"
EndProject
Project("{9A19103F-16F7-4668-BE54-9A1E7A4F7556}") = "Lightning.Tools.AutomatedTestingManager", "Lightning.Tools.AutomatedTestingManager\Lightning.Tools.AutomatedTestingManager.csproj", "{587C8652-C1C0-427B-910F-175DC5F934AF}"
EndProject
Project("{9A19103F-16F7-4668-BE54-9A1E7A4F7556}") = "NuRender", "NuRender\NuRender.csproj", "{0B4D058C-EB3C-41ED-A1F2-94EFBC1953A7}"
EndProject
Project("{9A19103F-16F7-4668-BE54-9A1E7A4F7556}") = "NuCore.Test", "NuCore.Test\NuCore.Test.csproj", "{DA6F56FB-B992-4CB6-873C-0A23DA897329}"
EndProject
Project("{9A19103F-16F7-4668-BE54-9A1E7A4F7556}") = "NuRender.Test", "NuRender.Test\NuRender.Test.csproj", "{13712777-EE01-42CB-8236-448BD78BBD94}"
EndProject
Project("{FAE04EC0-301F-11D3-BF4B-00C04F79EFBC}") = "Lightning.Core.Packaging", "Lightning.Packager\Lightning.Core.Packaging.csproj", "{43DA7A6A-F23F-4D0E-8CD1-A2E46C1A53DE}"
EndProject
Global
	GlobalSection(SolutionConfigurationPlatforms) = preSolution
		Debug.Win64|Any CPU = Debug.Win64|Any CPU
		Debug.Win64|x64 = Debug.Win64|x64
		Debug|Any CPU = Debug|Any CPU
		Debug|x64 = Debug|x64
		Release.Win64|Any CPU = Release.Win64|Any CPU
		Release.Win64|x64 = Release.Win64|x64
		Release|Any CPU = Release|Any CPU
		Release|x64 = Release|x64
	EndGlobalSection
	GlobalSection(ProjectConfigurationPlatforms) = postSolution
		{70F68B4D-C4B5-4D6C-84BB-2D4CAAC8049A}.Debug.Win64|Any CPU.ActiveCfg = Debug.Win64|Any CPU
		{70F68B4D-C4B5-4D6C-84BB-2D4CAAC8049A}.Debug.Win64|Any CPU.Build.0 = Debug.Win64|Any CPU
		{70F68B4D-C4B5-4D6C-84BB-2D4CAAC8049A}.Debug.Win64|x64.ActiveCfg = Debug.Win64|Any CPU
		{70F68B4D-C4B5-4D6C-84BB-2D4CAAC8049A}.Debug.Win64|x64.Build.0 = Debug.Win64|Any CPU
		{70F68B4D-C4B5-4D6C-84BB-2D4CAAC8049A}.Debug|Any CPU.ActiveCfg = Debug|Any CPU
		{70F68B4D-C4B5-4D6C-84BB-2D4CAAC8049A}.Debug|Any CPU.Build.0 = Debug|Any CPU
		{70F68B4D-C4B5-4D6C-84BB-2D4CAAC8049A}.Debug|x64.ActiveCfg = Debug|Any CPU
		{70F68B4D-C4B5-4D6C-84BB-2D4CAAC8049A}.Debug|x64.Build.0 = Debug|Any CPU
		{70F68B4D-C4B5-4D6C-84BB-2D4CAAC8049A}.Release.Win64|Any CPU.ActiveCfg = Release.Win64|Any CPU
		{70F68B4D-C4B5-4D6C-84BB-2D4CAAC8049A}.Release.Win64|Any CPU.Build.0 = Release.Win64|Any CPU
		{70F68B4D-C4B5-4D6C-84BB-2D4CAAC8049A}.Release.Win64|x64.ActiveCfg = Release.Win64|Any CPU
		{70F68B4D-C4B5-4D6C-84BB-2D4CAAC8049A}.Release.Win64|x64.Build.0 = Release.Win64|Any CPU
		{70F68B4D-C4B5-4D6C-84BB-2D4CAAC8049A}.Release|Any CPU.ActiveCfg = Release|Any CPU
		{70F68B4D-C4B5-4D6C-84BB-2D4CAAC8049A}.Release|Any CPU.Build.0 = Release|Any CPU
		{70F68B4D-C4B5-4D6C-84BB-2D4CAAC8049A}.Release|x64.ActiveCfg = Release|Any CPU
		{70F68B4D-C4B5-4D6C-84BB-2D4CAAC8049A}.Release|x64.Build.0 = Release|Any CPU
		{E5BC41A2-15BD-4D92-AE37-55A77B6319F0}.Debug.Win64|Any CPU.ActiveCfg = Debug.Win64|Any CPU
		{E5BC41A2-15BD-4D92-AE37-55A77B6319F0}.Debug.Win64|Any CPU.Build.0 = Debug.Win64|Any CPU
		{E5BC41A2-15BD-4D92-AE37-55A77B6319F0}.Debug.Win64|x64.ActiveCfg = Debug.Win64|Any CPU
		{E5BC41A2-15BD-4D92-AE37-55A77B6319F0}.Debug.Win64|x64.Build.0 = Debug.Win64|Any CPU
		{E5BC41A2-15BD-4D92-AE37-55A77B6319F0}.Debug|Any CPU.ActiveCfg = Debug|Any CPU
		{E5BC41A2-15BD-4D92-AE37-55A77B6319F0}.Debug|Any CPU.Build.0 = Debug|Any CPU
		{E5BC41A2-15BD-4D92-AE37-55A77B6319F0}.Debug|x64.ActiveCfg = Debug|Any CPU
		{E5BC41A2-15BD-4D92-AE37-55A77B6319F0}.Debug|x64.Build.0 = Debug|Any CPU
		{E5BC41A2-15BD-4D92-AE37-55A77B6319F0}.Release.Win64|Any CPU.ActiveCfg = Release.Win64|Any CPU
		{E5BC41A2-15BD-4D92-AE37-55A77B6319F0}.Release.Win64|Any CPU.Build.0 = Release.Win64|Any CPU
		{E5BC41A2-15BD-4D92-AE37-55A77B6319F0}.Release.Win64|x64.ActiveCfg = Release.Win64|Any CPU
		{E5BC41A2-15BD-4D92-AE37-55A77B6319F0}.Release.Win64|x64.Build.0 = Release.Win64|Any CPU
		{E5BC41A2-15BD-4D92-AE37-55A77B6319F0}.Release|Any CPU.ActiveCfg = Release|Any CPU
		{E5BC41A2-15BD-4D92-AE37-55A77B6319F0}.Release|Any CPU.Build.0 = Release|Any CPU
		{E5BC41A2-15BD-4D92-AE37-55A77B6319F0}.Release|x64.ActiveCfg = Release|Any CPU
		{E5BC41A2-15BD-4D92-AE37-55A77B6319F0}.Release|x64.Build.0 = Release|Any CPU
		{B832C88A-E66B-4889-A5EB-7D02BD84106C}.Debug.Win64|Any CPU.ActiveCfg = Debug.Win64|Any CPU
		{B832C88A-E66B-4889-A5EB-7D02BD84106C}.Debug.Win64|Any CPU.Build.0 = Debug.Win64|Any CPU
		{B832C88A-E66B-4889-A5EB-7D02BD84106C}.Debug.Win64|x64.ActiveCfg = Debug.Win64|Any CPU
		{B832C88A-E66B-4889-A5EB-7D02BD84106C}.Debug.Win64|x64.Build.0 = Debug.Win64|Any CPU
		{B832C88A-E66B-4889-A5EB-7D02BD84106C}.Debug|Any CPU.ActiveCfg = Debug|Any CPU
		{B832C88A-E66B-4889-A5EB-7D02BD84106C}.Debug|Any CPU.Build.0 = Debug|Any CPU
		{B832C88A-E66B-4889-A5EB-7D02BD84106C}.Debug|x64.ActiveCfg = Debug|Any CPU
		{B832C88A-E66B-4889-A5EB-7D02BD84106C}.Debug|x64.Build.0 = Debug|Any CPU
		{B832C88A-E66B-4889-A5EB-7D02BD84106C}.Release.Win64|Any CPU.ActiveCfg = Release.Win64|Any CPU
		{B832C88A-E66B-4889-A5EB-7D02BD84106C}.Release.Win64|Any CPU.Build.0 = Release.Win64|Any CPU
		{B832C88A-E66B-4889-A5EB-7D02BD84106C}.Release.Win64|x64.ActiveCfg = Release.Win64|Any CPU
		{B832C88A-E66B-4889-A5EB-7D02BD84106C}.Release.Win64|x64.Build.0 = Release.Win64|Any CPU
		{B832C88A-E66B-4889-A5EB-7D02BD84106C}.Release|Any CPU.ActiveCfg = Release|Any CPU
		{B832C88A-E66B-4889-A5EB-7D02BD84106C}.Release|Any CPU.Build.0 = Release|Any CPU
		{B832C88A-E66B-4889-A5EB-7D02BD84106C}.Release|x64.ActiveCfg = Release|Any CPU
		{B832C88A-E66B-4889-A5EB-7D02BD84106C}.Release|x64.Build.0 = Release|Any CPU
		{28138E24-F09B-455F-B963-D911F0B14E30}.Debug.Win64|Any CPU.ActiveCfg = Debug.Win64|Any CPU
		{28138E24-F09B-455F-B963-D911F0B14E30}.Debug.Win64|Any CPU.Build.0 = Debug.Win64|Any CPU
		{28138E24-F09B-455F-B963-D911F0B14E30}.Debug.Win64|x64.ActiveCfg = Debug.Win64|Any CPU
		{28138E24-F09B-455F-B963-D911F0B14E30}.Debug.Win64|x64.Build.0 = Debug.Win64|Any CPU
		{28138E24-F09B-455F-B963-D911F0B14E30}.Debug|Any CPU.ActiveCfg = Debug|Any CPU
		{28138E24-F09B-455F-B963-D911F0B14E30}.Debug|Any CPU.Build.0 = Debug|Any CPU
		{28138E24-F09B-455F-B963-D911F0B14E30}.Debug|x64.ActiveCfg = Debug|Any CPU
		{28138E24-F09B-455F-B963-D911F0B14E30}.Debug|x64.Build.0 = Debug|Any CPU
		{28138E24-F09B-455F-B963-D911F0B14E30}.Release.Win64|Any CPU.ActiveCfg = Release.Win64|Any CPU
		{28138E24-F09B-455F-B963-D911F0B14E30}.Release.Win64|Any CPU.Build.0 = Release.Win64|Any CPU
		{28138E24-F09B-455F-B963-D911F0B14E30}.Release.Win64|x64.ActiveCfg = Release.Win64|Any CPU
		{28138E24-F09B-455F-B963-D911F0B14E30}.Release.Win64|x64.Build.0 = Release.Win64|Any CPU
		{28138E24-F09B-455F-B963-D911F0B14E30}.Release|Any CPU.ActiveCfg = Release|Any CPU
		{28138E24-F09B-455F-B963-D911F0B14E30}.Release|Any CPU.Build.0 = Release|Any CPU
		{28138E24-F09B-455F-B963-D911F0B14E30}.Release|x64.ActiveCfg = Release|Any CPU
		{28138E24-F09B-455F-B963-D911F0B14E30}.Release|x64.Build.0 = Release|Any CPU
		{7873C239-A524-48CF-9961-6931839B0BCC}.Debug.Win64|Any CPU.ActiveCfg = Debug.Win64|Any CPU
		{7873C239-A524-48CF-9961-6931839B0BCC}.Debug.Win64|Any CPU.Build.0 = Debug.Win64|Any CPU
		{7873C239-A524-48CF-9961-6931839B0BCC}.Debug.Win64|x64.ActiveCfg = Debug|Any CPU
		{7873C239-A524-48CF-9961-6931839B0BCC}.Debug.Win64|x64.Build.0 = Debug|Any CPU
		{7873C239-A524-48CF-9961-6931839B0BCC}.Debug|Any CPU.ActiveCfg = Debug|Any CPU
		{7873C239-A524-48CF-9961-6931839B0BCC}.Debug|Any CPU.Build.0 = Debug|Any CPU
		{7873C239-A524-48CF-9961-6931839B0BCC}.Debug|x64.ActiveCfg = Debug|Any CPU
		{7873C239-A524-48CF-9961-6931839B0BCC}.Debug|x64.Build.0 = Debug|Any CPU
		{7873C239-A524-48CF-9961-6931839B0BCC}.Release.Win64|Any CPU.ActiveCfg = Release.Win64|Any CPU
		{7873C239-A524-48CF-9961-6931839B0BCC}.Release.Win64|Any CPU.Build.0 = Release.Win64|Any CPU
		{7873C239-A524-48CF-9961-6931839B0BCC}.Release.Win64|x64.ActiveCfg = Release|Any CPU
		{7873C239-A524-48CF-9961-6931839B0BCC}.Release.Win64|x64.Build.0 = Release|Any CPU
		{7873C239-A524-48CF-9961-6931839B0BCC}.Release|Any CPU.ActiveCfg = Release|Any CPU
		{7873C239-A524-48CF-9961-6931839B0BCC}.Release|Any CPU.Build.0 = Release|Any CPU
		{7873C239-A524-48CF-9961-6931839B0BCC}.Release|x64.ActiveCfg = Release|Any CPU
		{7873C239-A524-48CF-9961-6931839B0BCC}.Release|x64.Build.0 = Release|Any CPU
		{B11C5458-C0E4-4BC6-ADA6-842D2BCD73A9}.Debug.Win64|Any CPU.ActiveCfg = Debug.Win64|Any CPU
		{B11C5458-C0E4-4BC6-ADA6-842D2BCD73A9}.Debug.Win64|Any CPU.Build.0 = Debug.Win64|Any CPU
		{B11C5458-C0E4-4BC6-ADA6-842D2BCD73A9}.Debug.Win64|x64.ActiveCfg = Debug|Any CPU
		{B11C5458-C0E4-4BC6-ADA6-842D2BCD73A9}.Debug.Win64|x64.Build.0 = Debug|Any CPU
		{B11C5458-C0E4-4BC6-ADA6-842D2BCD73A9}.Debug|Any CPU.ActiveCfg = Debug|Any CPU
		{B11C5458-C0E4-4BC6-ADA6-842D2BCD73A9}.Debug|Any CPU.Build.0 = Debug|Any CPU
		{B11C5458-C0E4-4BC6-ADA6-842D2BCD73A9}.Debug|x64.ActiveCfg = Debug|Any CPU
		{B11C5458-C0E4-4BC6-ADA6-842D2BCD73A9}.Debug|x64.Build.0 = Debug|Any CPU
		{B11C5458-C0E4-4BC6-ADA6-842D2BCD73A9}.Release.Win64|Any CPU.ActiveCfg = Release.Win64|Any CPU
		{B11C5458-C0E4-4BC6-ADA6-842D2BCD73A9}.Release.Win64|Any CPU.Build.0 = Release.Win64|Any CPU
		{B11C5458-C0E4-4BC6-ADA6-842D2BCD73A9}.Release.Win64|x64.ActiveCfg = Release|Any CPU
		{B11C5458-C0E4-4BC6-ADA6-842D2BCD73A9}.Release.Win64|x64.Build.0 = Release|Any CPU
		{B11C5458-C0E4-4BC6-ADA6-842D2BCD73A9}.Release|Any CPU.ActiveCfg = Release|Any CPU
		{B11C5458-C0E4-4BC6-ADA6-842D2BCD73A9}.Release|Any CPU.Build.0 = Release|Any CPU
		{B11C5458-C0E4-4BC6-ADA6-842D2BCD73A9}.Release|x64.ActiveCfg = Release|Any CPU
		{B11C5458-C0E4-4BC6-ADA6-842D2BCD73A9}.Release|x64.Build.0 = Release|Any CPU
		{61E59D8D-5DEF-44E0-80E9-1DCB6395A8C0}.Debug.Win64|Any CPU.ActiveCfg = Debug.Win64|Any CPU
		{61E59D8D-5DEF-44E0-80E9-1DCB6395A8C0}.Debug.Win64|Any CPU.Build.0 = Debug.Win64|Any CPU
		{61E59D8D-5DEF-44E0-80E9-1DCB6395A8C0}.Debug.Win64|x64.ActiveCfg = Debug|Any CPU
		{61E59D8D-5DEF-44E0-80E9-1DCB6395A8C0}.Debug.Win64|x64.Build.0 = Debug|Any CPU
		{61E59D8D-5DEF-44E0-80E9-1DCB6395A8C0}.Debug|Any CPU.ActiveCfg = Debug|Any CPU
		{61E59D8D-5DEF-44E0-80E9-1DCB6395A8C0}.Debug|Any CPU.Build.0 = Debug|Any CPU
		{61E59D8D-5DEF-44E0-80E9-1DCB6395A8C0}.Debug|x64.ActiveCfg = Debug|Any CPU
		{61E59D8D-5DEF-44E0-80E9-1DCB6395A8C0}.Debug|x64.Build.0 = Debug|Any CPU
		{61E59D8D-5DEF-44E0-80E9-1DCB6395A8C0}.Release.Win64|Any CPU.ActiveCfg = Release.Win64|Any CPU
		{61E59D8D-5DEF-44E0-80E9-1DCB6395A8C0}.Release.Win64|Any CPU.Build.0 = Release.Win64|Any CPU
		{61E59D8D-5DEF-44E0-80E9-1DCB6395A8C0}.Release.Win64|x64.ActiveCfg = Release|Any CPU
		{61E59D8D-5DEF-44E0-80E9-1DCB6395A8C0}.Release.Win64|x64.Build.0 = Release|Any CPU
		{61E59D8D-5DEF-44E0-80E9-1DCB6395A8C0}.Release|Any CPU.ActiveCfg = Release|Any CPU
		{61E59D8D-5DEF-44E0-80E9-1DCB6395A8C0}.Release|Any CPU.Build.0 = Release|Any CPU
		{61E59D8D-5DEF-44E0-80E9-1DCB6395A8C0}.Release|x64.ActiveCfg = Release|Any CPU
		{61E59D8D-5DEF-44E0-80E9-1DCB6395A8C0}.Release|x64.Build.0 = Release|Any CPU
		{1415B2C2-7238-497B-B7E6-E00B96056D87}.Debug.Win64|Any CPU.ActiveCfg = Debug.Win64|Any CPU
		{1415B2C2-7238-497B-B7E6-E00B96056D87}.Debug.Win64|Any CPU.Build.0 = Debug.Win64|Any CPU
		{1415B2C2-7238-497B-B7E6-E00B96056D87}.Debug.Win64|x64.ActiveCfg = Debug|Any CPU
		{1415B2C2-7238-497B-B7E6-E00B96056D87}.Debug.Win64|x64.Build.0 = Debug|Any CPU
		{1415B2C2-7238-497B-B7E6-E00B96056D87}.Debug|Any CPU.ActiveCfg = Debug|Any CPU
		{1415B2C2-7238-497B-B7E6-E00B96056D87}.Debug|Any CPU.Build.0 = Debug|Any CPU
		{1415B2C2-7238-497B-B7E6-E00B96056D87}.Debug|x64.ActiveCfg = Debug|Any CPU
		{1415B2C2-7238-497B-B7E6-E00B96056D87}.Debug|x64.Build.0 = Debug|Any CPU
		{1415B2C2-7238-497B-B7E6-E00B96056D87}.Release.Win64|Any CPU.ActiveCfg = Release.Win64|Any CPU
		{1415B2C2-7238-497B-B7E6-E00B96056D87}.Release.Win64|Any CPU.Build.0 = Release.Win64|Any CPU
		{1415B2C2-7238-497B-B7E6-E00B96056D87}.Release.Win64|x64.ActiveCfg = Release|Any CPU
		{1415B2C2-7238-497B-B7E6-E00B96056D87}.Release.Win64|x64.Build.0 = Release|Any CPU
		{1415B2C2-7238-497B-B7E6-E00B96056D87}.Release|Any CPU.ActiveCfg = Release|Any CPU
		{1415B2C2-7238-497B-B7E6-E00B96056D87}.Release|Any CPU.Build.0 = Release|Any CPU
		{1415B2C2-7238-497B-B7E6-E00B96056D87}.Release|x64.ActiveCfg = Release|Any CPU
		{1415B2C2-7238-497B-B7E6-E00B96056D87}.Release|x64.Build.0 = Release|Any CPU
		{587C8652-C1C0-427B-910F-175DC5F934AF}.Debug.Win64|Any CPU.ActiveCfg = Debug.Win64|Any CPU
		{587C8652-C1C0-427B-910F-175DC5F934AF}.Debug.Win64|Any CPU.Build.0 = Debug.Win64|Any CPU
		{587C8652-C1C0-427B-910F-175DC5F934AF}.Debug.Win64|x64.ActiveCfg = Debug|Any CPU
		{587C8652-C1C0-427B-910F-175DC5F934AF}.Debug.Win64|x64.Build.0 = Debug|Any CPU
		{587C8652-C1C0-427B-910F-175DC5F934AF}.Debug|Any CPU.ActiveCfg = Debug|Any CPU
		{587C8652-C1C0-427B-910F-175DC5F934AF}.Debug|Any CPU.Build.0 = Debug|Any CPU
		{587C8652-C1C0-427B-910F-175DC5F934AF}.Debug|x64.ActiveCfg = Debug|Any CPU
		{587C8652-C1C0-427B-910F-175DC5F934AF}.Debug|x64.Build.0 = Debug|Any CPU
		{587C8652-C1C0-427B-910F-175DC5F934AF}.Release.Win64|Any CPU.ActiveCfg = Release|Any CPU
		{587C8652-C1C0-427B-910F-175DC5F934AF}.Release.Win64|Any CPU.Build.0 = Release|Any CPU
		{587C8652-C1C0-427B-910F-175DC5F934AF}.Release.Win64|x64.ActiveCfg = Release|Any CPU
		{587C8652-C1C0-427B-910F-175DC5F934AF}.Release.Win64|x64.Build.0 = Release|Any CPU
		{587C8652-C1C0-427B-910F-175DC5F934AF}.Release|Any CPU.ActiveCfg = Release|Any CPU
		{587C8652-C1C0-427B-910F-175DC5F934AF}.Release|Any CPU.Build.0 = Release|Any CPU
		{587C8652-C1C0-427B-910F-175DC5F934AF}.Release|x64.ActiveCfg = Release|Any CPU
		{587C8652-C1C0-427B-910F-175DC5F934AF}.Release|x64.Build.0 = Release|Any CPU
		{0B4D058C-EB3C-41ED-A1F2-94EFBC1953A7}.Debug.Win64|Any CPU.ActiveCfg = Debug.Win64|Any CPU
		{0B4D058C-EB3C-41ED-A1F2-94EFBC1953A7}.Debug.Win64|Any CPU.Build.0 = Debug.Win64|Any CPU
		{0B4D058C-EB3C-41ED-A1F2-94EFBC1953A7}.Debug.Win64|x64.ActiveCfg = Debug.Win64|Any CPU
		{0B4D058C-EB3C-41ED-A1F2-94EFBC1953A7}.Debug.Win64|x64.Build.0 = Debug.Win64|Any CPU
		{0B4D058C-EB3C-41ED-A1F2-94EFBC1953A7}.Debug|Any CPU.ActiveCfg = Debug|Any CPU
		{0B4D058C-EB3C-41ED-A1F2-94EFBC1953A7}.Debug|Any CPU.Build.0 = Debug|Any CPU
		{0B4D058C-EB3C-41ED-A1F2-94EFBC1953A7}.Debug|x64.ActiveCfg = Debug|Any CPU
		{0B4D058C-EB3C-41ED-A1F2-94EFBC1953A7}.Debug|x64.Build.0 = Debug|Any CPU
		{0B4D058C-EB3C-41ED-A1F2-94EFBC1953A7}.Release.Win64|Any CPU.ActiveCfg = Release.Win64|Any CPU
		{0B4D058C-EB3C-41ED-A1F2-94EFBC1953A7}.Release.Win64|Any CPU.Build.0 = Release.Win64|Any CPU
		{0B4D058C-EB3C-41ED-A1F2-94EFBC1953A7}.Release.Win64|x64.ActiveCfg = Release.Win64|Any CPU
		{0B4D058C-EB3C-41ED-A1F2-94EFBC1953A7}.Release.Win64|x64.Build.0 = Release.Win64|Any CPU
		{0B4D058C-EB3C-41ED-A1F2-94EFBC1953A7}.Release|Any CPU.ActiveCfg = Release|Any CPU
		{0B4D058C-EB3C-41ED-A1F2-94EFBC1953A7}.Release|Any CPU.Build.0 = Release|Any CPU
		{0B4D058C-EB3C-41ED-A1F2-94EFBC1953A7}.Release|x64.ActiveCfg = Release|Any CPU
		{0B4D058C-EB3C-41ED-A1F2-94EFBC1953A7}.Release|x64.Build.0 = Release|Any CPU
		{DA6F56FB-B992-4CB6-873C-0A23DA897329}.Debug.Win64|Any CPU.ActiveCfg = Debug.Win64|Any CPU
		{DA6F56FB-B992-4CB6-873C-0A23DA897329}.Debug.Win64|Any CPU.Build.0 = Debug.Win64|Any CPU
		{DA6F56FB-B992-4CB6-873C-0A23DA897329}.Debug.Win64|x64.ActiveCfg = Debug.Win64|Any CPU
		{DA6F56FB-B992-4CB6-873C-0A23DA897329}.Debug.Win64|x64.Build.0 = Debug.Win64|Any CPU
		{DA6F56FB-B992-4CB6-873C-0A23DA897329}.Debug|Any CPU.ActiveCfg = Debug|Any CPU
		{DA6F56FB-B992-4CB6-873C-0A23DA897329}.Debug|Any CPU.Build.0 = Debug|Any CPU
		{DA6F56FB-B992-4CB6-873C-0A23DA897329}.Debug|x64.ActiveCfg = Debug|Any CPU
		{DA6F56FB-B992-4CB6-873C-0A23DA897329}.Debug|x64.Build.0 = Debug|Any CPU
		{DA6F56FB-B992-4CB6-873C-0A23DA897329}.Release.Win64|Any CPU.ActiveCfg = Release.Win64|Any CPU
		{DA6F56FB-B992-4CB6-873C-0A23DA897329}.Release.Win64|Any CPU.Build.0 = Release.Win64|Any CPU
		{DA6F56FB-B992-4CB6-873C-0A23DA897329}.Release.Win64|x64.ActiveCfg = Release.Win64|Any CPU
		{DA6F56FB-B992-4CB6-873C-0A23DA897329}.Release.Win64|x64.Build.0 = Release.Win64|Any CPU
		{DA6F56FB-B992-4CB6-873C-0A23DA897329}.Release|Any CPU.ActiveCfg = Release|Any CPU
		{DA6F56FB-B992-4CB6-873C-0A23DA897329}.Release|Any CPU.Build.0 = Release|Any CPU
		{DA6F56FB-B992-4CB6-873C-0A23DA897329}.Release|x64.ActiveCfg = Release|Any CPU
		{DA6F56FB-B992-4CB6-873C-0A23DA897329}.Release|x64.Build.0 = Release|Any CPU
		{13712777-EE01-42CB-8236-448BD78BBD94}.Debug.Win64|Any CPU.ActiveCfg = Debug.Win64|Any CPU
		{13712777-EE01-42CB-8236-448BD78BBD94}.Debug.Win64|Any CPU.Build.0 = Debug.Win64|Any CPU
		{13712777-EE01-42CB-8236-448BD78BBD94}.Debug.Win64|x64.ActiveCfg = Debug.Win64|Any CPU
		{13712777-EE01-42CB-8236-448BD78BBD94}.Debug.Win64|x64.Build.0 = Debug.Win64|Any CPU
		{13712777-EE01-42CB-8236-448BD78BBD94}.Debug|Any CPU.ActiveCfg = Debug|Any CPU
		{13712777-EE01-42CB-8236-448BD78BBD94}.Debug|Any CPU.Build.0 = Debug|Any CPU
		{13712777-EE01-42CB-8236-448BD78BBD94}.Debug|x64.ActiveCfg = Debug|Any CPU
		{13712777-EE01-42CB-8236-448BD78BBD94}.Debug|x64.Build.0 = Debug|Any CPU
		{13712777-EE01-42CB-8236-448BD78BBD94}.Release.Win64|Any CPU.ActiveCfg = Release.Win64|Any CPU
		{13712777-EE01-42CB-8236-448BD78BBD94}.Release.Win64|Any CPU.Build.0 = Release.Win64|Any CPU
		{13712777-EE01-42CB-8236-448BD78BBD94}.Release.Win64|x64.ActiveCfg = Release.Win64|Any CPU
		{13712777-EE01-42CB-8236-448BD78BBD94}.Release.Win64|x64.Build.0 = Release.Win64|Any CPU
		{13712777-EE01-42CB-8236-448BD78BBD94}.Release|Any CPU.ActiveCfg = Release|Any CPU
		{13712777-EE01-42CB-8236-448BD78BBD94}.Release|Any CPU.Build.0 = Release|Any CPU
		{13712777-EE01-42CB-8236-448BD78BBD94}.Release|x64.ActiveCfg = Release|Any CPU
		{13712777-EE01-42CB-8236-448BD78BBD94}.Release|x64.Build.0 = Release|Any CPU
		{43DA7A6A-F23F-4D0E-8CD1-A2E46C1A53DE}.Debug.Win64|Any CPU.ActiveCfg = Debug.Win64|Any CPU
		{43DA7A6A-F23F-4D0E-8CD1-A2E46C1A53DE}.Debug.Win64|Any CPU.Build.0 = Debug.Win64|Any CPU
		{43DA7A6A-F23F-4D0E-8CD1-A2E46C1A53DE}.Debug.Win64|x64.ActiveCfg = Debug|Any CPU
		{43DA7A6A-F23F-4D0E-8CD1-A2E46C1A53DE}.Debug.Win64|x64.Build.0 = Debug|Any CPU
		{43DA7A6A-F23F-4D0E-8CD1-A2E46C1A53DE}.Debug|Any CPU.ActiveCfg = Debug|Any CPU
		{43DA7A6A-F23F-4D0E-8CD1-A2E46C1A53DE}.Debug|Any CPU.Build.0 = Debug|Any CPU
		{43DA7A6A-F23F-4D0E-8CD1-A2E46C1A53DE}.Debug|x64.ActiveCfg = Debug|Any CPU
		{43DA7A6A-F23F-4D0E-8CD1-A2E46C1A53DE}.Debug|x64.Build.0 = Debug|Any CPU
		{43DA7A6A-F23F-4D0E-8CD1-A2E46C1A53DE}.Release.Win64|Any CPU.ActiveCfg = Release|Any CPU
		{43DA7A6A-F23F-4D0E-8CD1-A2E46C1A53DE}.Release.Win64|Any CPU.Build.0 = Release|Any CPU
		{43DA7A6A-F23F-4D0E-8CD1-A2E46C1A53DE}.Release.Win64|x64.ActiveCfg = Release|Any CPU
		{43DA7A6A-F23F-4D0E-8CD1-A2E46C1A53DE}.Release.Win64|x64.Build.0 = Release|Any CPU
		{43DA7A6A-F23F-4D0E-8CD1-A2E46C1A53DE}.Release|Any CPU.ActiveCfg = Release|Any CPU
		{43DA7A6A-F23F-4D0E-8CD1-A2E46C1A53DE}.Release|Any CPU.Build.0 = Release|Any CPU
		{43DA7A6A-F23F-4D0E-8CD1-A2E46C1A53DE}.Release|x64.ActiveCfg = Release|Any CPU
		{43DA7A6A-F23F-4D0E-8CD1-A2E46C1A53DE}.Release|x64.Build.0 = Release|Any CPU
	EndGlobalSection
	GlobalSection(SolutionProperties) = preSolution
		HideSolutionNode = FALSE
	EndGlobalSection
	GlobalSection(ExtensibilityGlobals) = postSolution
		SolutionGuid = {570A0E9E-7D12-416E-AB80-CEA593672BCC}
	EndGlobalSection
EndGlobal
